// !$*UTF8*$!
{
	archiveVersion = 1;
	classes = {
	};
	objectVersion = 51;
	objects = {

/* Begin PBXBuildFile section */
		AD02EFC826DFDF67000A7F6B /* GoogleService-Info.plist in Resources */ = {isa = PBXBuildFile; fileRef = AD02EFC726DFDF67000A7F6B /* GoogleService-Info.plist */; };
		AD02EFCA26DFF20A000A7F6B /* ProfilePhotoView.swift in Sources */ = {isa = PBXBuildFile; fileRef = AD02EFC926DFF20A000A7F6B /* ProfilePhotoView.swift */; };
		AD4A6E8A26D526460083D9A6 /* OnboardingStep1ViewController.swift in Sources */ = {isa = PBXBuildFile; fileRef = AD4A6E8926D526460083D9A6 /* OnboardingStep1ViewController.swift */; };
		AD4A6E9226D7E41E0083D9A6 /* NotoSansKR-Bold.otf in Resources */ = {isa = PBXBuildFile; fileRef = AD4A6E8C26D7E41E0083D9A6 /* NotoSansKR-Bold.otf */; };
		AD4A6E9326D7E41E0083D9A6 /* NotoSansKR-Medium.otf in Resources */ = {isa = PBXBuildFile; fileRef = AD4A6E8D26D7E41E0083D9A6 /* NotoSansKR-Medium.otf */; };
		AD4A6E9426D7E41E0083D9A6 /* NotoSansKR-Thin.otf in Resources */ = {isa = PBXBuildFile; fileRef = AD4A6E8E26D7E41E0083D9A6 /* NotoSansKR-Thin.otf */; };
		AD4A6E9526D7E41E0083D9A6 /* NotoSansKR-Black.otf in Resources */ = {isa = PBXBuildFile; fileRef = AD4A6E8F26D7E41E0083D9A6 /* NotoSansKR-Black.otf */; };
		AD4A6E9626D7E41E0083D9A6 /* NotoSansKR-Regular.otf in Resources */ = {isa = PBXBuildFile; fileRef = AD4A6E9026D7E41E0083D9A6 /* NotoSansKR-Regular.otf */; };
		AD4A6E9726D7E41E0083D9A6 /* NotoSansKR-Light.otf in Resources */ = {isa = PBXBuildFile; fileRef = AD4A6E9126D7E41E0083D9A6 /* NotoSansKR-Light.otf */; };
		AD54C51026D7E8A20023FA99 /* CommonAction.swift in Sources */ = {isa = PBXBuildFile; fileRef = AD54C50F26D7E8A20023FA99 /* CommonAction.swift */; };
		AD54C51426D7F3930023FA99 /* AgePickerView.swift in Sources */ = {isa = PBXBuildFile; fileRef = AD54C51326D7F3930023FA99 /* AgePickerView.swift */; };
		AD67E7BE26CABACE006B1FD4 /* credentials.plist in Resources */ = {isa = PBXBuildFile; fileRef = AD67E7BD26CABACE006B1FD4 /* credentials.plist */; };
		AD982F8C26CAB5ED000AEAA2 /* LoginViewController.swift in Sources */ = {isa = PBXBuildFile; fileRef = AD982F8B26CAB5ED000AEAA2 /* LoginViewController.swift */; };
		AD9E9B3726CA99D500FCFC51 /* AppDelegate.swift in Sources */ = {isa = PBXBuildFile; fileRef = AD9E9B3626CA99D500FCFC51 /* AppDelegate.swift */; };
		AD9E9B3B26CA99D500FCFC51 /* LaunchViewController.swift in Sources */ = {isa = PBXBuildFile; fileRef = AD9E9B3A26CA99D500FCFC51 /* LaunchViewController.swift */; };
		AD9E9B3E26CA99D500FCFC51 /* Main.storyboard in Resources */ = {isa = PBXBuildFile; fileRef = AD9E9B3C26CA99D500FCFC51 /* Main.storyboard */; };
		AD9E9B4026CA99D600FCFC51 /* Assets.xcassets in Resources */ = {isa = PBXBuildFile; fileRef = AD9E9B3F26CA99D600FCFC51 /* Assets.xcassets */; };
		AD9E9B4326CA99D600FCFC51 /* LaunchScreen.storyboard in Resources */ = {isa = PBXBuildFile; fileRef = AD9E9B4126CA99D600FCFC51 /* LaunchScreen.storyboard */; };
		ADB9338326E007D20016BC7F /* JoinusAlertViewController.swift in Sources */ = {isa = PBXBuildFile; fileRef = ADB9338226E007D20016BC7F /* JoinusAlertViewController.swift */; };
		ADB9338926E009250016BC7F /* JoinusActionSheetView.swift in Sources */ = {isa = PBXBuildFile; fileRef = ADB9338826E009250016BC7F /* JoinusActionSheetView.swift */; };
		ADB9338B26E117130016BC7F /* client_1012388240225-lmalqape8ejnija8rab1g5rde2f2g2p2.apps.googleusercontent.com.plist in Resources */ = {isa = PBXBuildFile; fileRef = ADB9338A26E117130016BC7F /* client_1012388240225-lmalqape8ejnija8rab1g5rde2f2g2p2.apps.googleusercontent.com.plist */; };
		ADB9339026E138C60016BC7F /* CircleCropScrollView.swift in Sources */ = {isa = PBXBuildFile; fileRef = ADB9338D26E138C50016BC7F /* CircleCropScrollView.swift */; };
		ADB9339126E138C60016BC7F /* CircleCropViewController.swift in Sources */ = {isa = PBXBuildFile; fileRef = ADB9338E26E138C60016BC7F /* CircleCropViewController.swift */; };
		ADB9339226E138C60016BC7F /* CircleCropCutterView.swift in Sources */ = {isa = PBXBuildFile; fileRef = ADB9338F26E138C60016BC7F /* CircleCropCutterView.swift */; };
		ADB9339626E14BF40016BC7F /* MyInfoModel.swift in Sources */ = {isa = PBXBuildFile; fileRef = ADB9339526E14BF40016BC7F /* MyInfoModel.swift */; };
		ADB9339826E1FC5D0016BC7F /* Service.swift in Sources */ = {isa = PBXBuildFile; fileRef = ADB9339726E1FC5D0016BC7F /* Service.swift */; };
		ADCCCF5826DD4D2B002C5C8C /* OnboardingModel.swift in Sources */ = {isa = PBXBuildFile; fileRef = ADCCCF5726DD4D2B002C5C8C /* OnboardingModel.swift */; };
		ADCCCF5B26DD638D002C5C8C /* OnboardingViewModel.swift in Sources */ = {isa = PBXBuildFile; fileRef = ADCCCF5A26DD638D002C5C8C /* OnboardingViewModel.swift */; };
		ADCCCF5D26DD6C8F002C5C8C /* OnboardingStep2ViewController.swift in Sources */ = {isa = PBXBuildFile; fileRef = ADCCCF5C26DD6C8F002C5C8C /* OnboardingStep2ViewController.swift */; };
		ADCCCF5F26DD70A3002C5C8C /* SelectGameButton.swift in Sources */ = {isa = PBXBuildFile; fileRef = ADCCCF5E26DD70A3002C5C8C /* SelectGameButton.swift */; };
		ADCCCF6126DD7D40002C5C8C /* NextButtonStatus.swift in Sources */ = {isa = PBXBuildFile; fileRef = ADCCCF6026DD7D40002C5C8C /* NextButtonStatus.swift */; };
		ADCCCF6326DE6525002C5C8C /* OnboardingStep3ViewController.swift in Sources */ = {isa = PBXBuildFile; fileRef = ADCCCF6226DE6525002C5C8C /* OnboardingStep3ViewController.swift */; };
		ADCCCF6526DE6CEA002C5C8C /* SelectTierButton.swift in Sources */ = {isa = PBXBuildFile; fileRef = ADCCCF6426DE6CEA002C5C8C /* SelectTierButton.swift */; };
		ADCCCF6826DE9139002C5C8C /* LoginLogoView.swift in Sources */ = {isa = PBXBuildFile; fileRef = ADCCCF6726DE9139002C5C8C /* LoginLogoView.swift */; };
		ADCCCF6A26DE9484002C5C8C /* GoogleLoginButton.swift in Sources */ = {isa = PBXBuildFile; fileRef = ADCCCF6926DE9484002C5C8C /* GoogleLoginButton.swift */; };
		ADCCCF6E26DFCFFF002C5C8C /* OnboardingStep4ViewController.swift in Sources */ = {isa = PBXBuildFile; fileRef = ADCCCF6D26DFCFFF002C5C8C /* OnboardingStep4ViewController.swift */; };
		ADCCCF7026DFD74E002C5C8C /* ProfileViewControllerViewController.swift in Sources */ = {isa = PBXBuildFile; fileRef = ADCCCF6F26DFD74E002C5C8C /* ProfileViewControllerViewController.swift */; };
		ADCF011D26CAAEBC00F1BCF8 /* Extension.swift in Sources */ = {isa = PBXBuildFile; fileRef = ADCF011C26CAAEBC00F1BCF8 /* Extension.swift */; };
		ADCF012226CAB01100F1BCF8 /* CommonLength.swift in Sources */ = {isa = PBXBuildFile; fileRef = ADCF012126CAB01100F1BCF8 /* CommonLength.swift */; };
		ADCF012426CAB06600F1BCF8 /* CommonColor.swift in Sources */ = {isa = PBXBuildFile; fileRef = ADCF012326CAB06600F1BCF8 /* CommonColor.swift */; };
		ADCF012626CAB11700F1BCF8 /* ChangeWindow.swift in Sources */ = {isa = PBXBuildFile; fileRef = ADCF012526CAB11700F1BCF8 /* ChangeWindow.swift */; };
		ADCF012826CAB13D00F1BCF8 /* ChangeViewController.swift in Sources */ = {isa = PBXBuildFile; fileRef = ADCF012726CAB13D00F1BCF8 /* ChangeViewController.swift */; };
		ADCF012A26CAB15900F1BCF8 /* InternetAvailable.swift in Sources */ = {isa = PBXBuildFile; fileRef = ADCF012926CAB15900F1BCF8 /* InternetAvailable.swift */; };
		ADCF012C26CAB19F00F1BCF8 /* CommonFont.swift in Sources */ = {isa = PBXBuildFile; fileRef = ADCF012B26CAB19F00F1BCF8 /* CommonFont.swift */; };
		ADDE2A7726E80E5C001A86EA /* HomeKit.framework in Frameworks */ = {isa = PBXBuildFile; fileRef = ADDE2A7626E80E5C001A86EA /* HomeKit.framework */; };
		ADDE2A7926E80E6B001A86EA /* MapKit.framework in Frameworks */ = {isa = PBXBuildFile; fileRef = ADDE2A7826E80E6B001A86EA /* MapKit.framework */; };
		ADF93D2326E9113600B8A1E9 /* JoinGameView.swift in Sources */ = {isa = PBXBuildFile; fileRef = ADF93D2226E9113600B8A1E9 /* JoinGameView.swift */; };
		ADF93D2526EA236A00B8A1E9 /* JoinGameListLabel.swift in Sources */ = {isa = PBXBuildFile; fileRef = ADF93D2426EA236A00B8A1E9 /* JoinGameListLabel.swift */; };
		ADF93D2726EA299000B8A1E9 /* JoinPeopleProfileCollectionView.swift in Sources */ = {isa = PBXBuildFile; fileRef = ADF93D2626EA299000B8A1E9 /* JoinPeopleProfileCollectionView.swift */; };
		ADF93D2926EA2D7600B8A1E9 /* JoinProfileCell.swift in Sources */ = {isa = PBXBuildFile; fileRef = ADF93D2826EA2D7600B8A1E9 /* JoinProfileCell.swift */; };
		ADF93D2B26EA30FC00B8A1E9 /* JoinGameViewController.swift in Sources */ = {isa = PBXBuildFile; fileRef = ADF93D2A26EA30FC00B8A1E9 /* JoinGameViewController.swift */; };
		ADF93D2F26EA34C900B8A1E9 /* JoinusButton.swift in Sources */ = {isa = PBXBuildFile; fileRef = ADF93D2E26EA34C900B8A1E9 /* JoinusButton.swift */; };
		ADF93D3126EA370F00B8A1E9 /* JoinGameViewModel.swift in Sources */ = {isa = PBXBuildFile; fileRef = ADF93D3026EA370F00B8A1E9 /* JoinGameViewModel.swift */; };
		ADFDD09A26E67C97007883BE /* HomeListViewController.swift in Sources */ = {isa = PBXBuildFile; fileRef = ADFDD09926E67C97007883BE /* HomeListViewController.swift */; };
		ADFDD09C26E67CA5007883BE /* HomeListViewModel.swift in Sources */ = {isa = PBXBuildFile; fileRef = ADFDD09B26E67CA5007883BE /* HomeListViewModel.swift */; };
		ADFDD09E26E67CAF007883BE /* HomeListModel.swift in Sources */ = {isa = PBXBuildFile; fileRef = ADFDD09D26E67CAF007883BE /* HomeListModel.swift */; };
		ADFDD0A226E67D0B007883BE /* MyInfoViewController.swift in Sources */ = {isa = PBXBuildFile; fileRef = ADFDD0A126E67D0B007883BE /* MyInfoViewController.swift */; };
		ADFDD0A726E67D4D007883BE /* MyMatchingViewController.swift in Sources */ = {isa = PBXBuildFile; fileRef = ADFDD0A626E67D4D007883BE /* MyMatchingViewController.swift */; };
		ADFDD0AA26E6840A007883BE /* JoinusListCell.swift in Sources */ = {isa = PBXBuildFile; fileRef = ADFDD0A926E6840A007883BE /* JoinusListCell.swift */; };
		ADFDD0AC26E7B7E3007883BE /* SetTabbarController.swift in Sources */ = {isa = PBXBuildFile; fileRef = ADFDD0AB26E7B7E3007883BE /* SetTabbarController.swift */; };
		ADFDD0AE26E7BD39007883BE /* Model.swift in Sources */ = {isa = PBXBuildFile; fileRef = ADFDD0AD26E7BD39007883BE /* Model.swift */; };
		ADFDD0B026E7E949007883BE /* CustomLeftBarButton.swift in Sources */ = {isa = PBXBuildFile; fileRef = ADFDD0AF26E7E949007883BE /* CustomLeftBarButton.swift */; };
		ADFDD0B226E7EAC2007883BE /* CustomRightBarButton.swift in Sources */ = {isa = PBXBuildFile; fileRef = ADFDD0B126E7EAC2007883BE /* CustomRightBarButton.swift */; };
		ADFDD0B426E7EF10007883BE /* JoinusCustomCell.swift in Sources */ = {isa = PBXBuildFile; fileRef = ADFDD0B326E7EF10007883BE /* JoinusCustomCell.swift */; };
		ADFDD0B626E7F532007883BE /* JoinusListTableView.swift in Sources */ = {isa = PBXBuildFile; fileRef = ADFDD0B526E7F532007883BE /* JoinusListTableView.swift */; };
		ADFDD0B826E7F8FE007883BE /* TimeUnits.swift in Sources */ = {isa = PBXBuildFile; fileRef = ADFDD0B726E7F8FE007883BE /* TimeUnits.swift */; };
		E0B720128F4D38A1DEA38EB7 /* Pods_JOINUS.framework in Frameworks */ = {isa = PBXBuildFile; fileRef = 30BE6E46A8AFB1B50E834BF2 /* Pods_JOINUS.framework */; };
/* End PBXBuildFile section */

/* Begin PBXFileReference section */
		30BE6E46A8AFB1B50E834BF2 /* Pods_JOINUS.framework */ = {isa = PBXFileReference; explicitFileType = wrapper.framework; includeInIndex = 0; path = Pods_JOINUS.framework; sourceTree = BUILT_PRODUCTS_DIR; };
		5579130D27B6E0FF7BD3622B /* Pods-JOINUS.debug.xcconfig */ = {isa = PBXFileReference; includeInIndex = 1; lastKnownFileType = text.xcconfig; name = "Pods-JOINUS.debug.xcconfig"; path = "Target Support Files/Pods-JOINUS/Pods-JOINUS.debug.xcconfig"; sourceTree = "<group>"; };
		8BC6ECE2F9A8A8212F14BC17 /* Pods-JOINUS.release.xcconfig */ = {isa = PBXFileReference; includeInIndex = 1; lastKnownFileType = text.xcconfig; name = "Pods-JOINUS.release.xcconfig"; path = "Target Support Files/Pods-JOINUS/Pods-JOINUS.release.xcconfig"; sourceTree = "<group>"; };
		AD02EFC726DFDF67000A7F6B /* GoogleService-Info.plist */ = {isa = PBXFileReference; fileEncoding = 4; lastKnownFileType = text.plist.xml; path = "GoogleService-Info.plist"; sourceTree = "<group>"; };
		AD02EFC926DFF20A000A7F6B /* ProfilePhotoView.swift */ = {isa = PBXFileReference; lastKnownFileType = sourcecode.swift; path = ProfilePhotoView.swift; sourceTree = "<group>"; };
		AD2BDA7C26E8136B0055F027 /* JOINUS.entitlements */ = {isa = PBXFileReference; fileEncoding = 4; lastKnownFileType = text.plist.entitlements; name = JOINUS.entitlements; path = "../../../../../Downloads/OPGG_모바일D/KeyChain/JOINUS.entitlements"; sourceTree = "<group>"; };
		AD4A6E8926D526460083D9A6 /* OnboardingStep1ViewController.swift */ = {isa = PBXFileReference; lastKnownFileType = sourcecode.swift; path = OnboardingStep1ViewController.swift; sourceTree = "<group>"; };
		AD4A6E8C26D7E41E0083D9A6 /* NotoSansKR-Bold.otf */ = {isa = PBXFileReference; lastKnownFileType = file; path = "NotoSansKR-Bold.otf"; sourceTree = "<group>"; };
		AD4A6E8D26D7E41E0083D9A6 /* NotoSansKR-Medium.otf */ = {isa = PBXFileReference; lastKnownFileType = file; path = "NotoSansKR-Medium.otf"; sourceTree = "<group>"; };
		AD4A6E8E26D7E41E0083D9A6 /* NotoSansKR-Thin.otf */ = {isa = PBXFileReference; lastKnownFileType = file; path = "NotoSansKR-Thin.otf"; sourceTree = "<group>"; };
		AD4A6E8F26D7E41E0083D9A6 /* NotoSansKR-Black.otf */ = {isa = PBXFileReference; lastKnownFileType = file; path = "NotoSansKR-Black.otf"; sourceTree = "<group>"; };
		AD4A6E9026D7E41E0083D9A6 /* NotoSansKR-Regular.otf */ = {isa = PBXFileReference; lastKnownFileType = file; path = "NotoSansKR-Regular.otf"; sourceTree = "<group>"; };
		AD4A6E9126D7E41E0083D9A6 /* NotoSansKR-Light.otf */ = {isa = PBXFileReference; lastKnownFileType = file; path = "NotoSansKR-Light.otf"; sourceTree = "<group>"; };
		AD54C50F26D7E8A20023FA99 /* CommonAction.swift */ = {isa = PBXFileReference; lastKnownFileType = sourcecode.swift; path = CommonAction.swift; sourceTree = "<group>"; };
		AD54C51326D7F3930023FA99 /* AgePickerView.swift */ = {isa = PBXFileReference; lastKnownFileType = sourcecode.swift; path = AgePickerView.swift; sourceTree = "<group>"; };
		AD67E7BD26CABACE006B1FD4 /* credentials.plist */ = {isa = PBXFileReference; fileEncoding = 4; lastKnownFileType = text.plist.xml; path = credentials.plist; sourceTree = "<group>"; };
		AD982F8B26CAB5ED000AEAA2 /* LoginViewController.swift */ = {isa = PBXFileReference; lastKnownFileType = sourcecode.swift; path = LoginViewController.swift; sourceTree = "<group>"; };
		AD9E9B3326CA99D500FCFC51 /* JOINUS.app */ = {isa = PBXFileReference; explicitFileType = wrapper.application; includeInIndex = 0; path = JOINUS.app; sourceTree = BUILT_PRODUCTS_DIR; };
		AD9E9B3626CA99D500FCFC51 /* AppDelegate.swift */ = {isa = PBXFileReference; lastKnownFileType = sourcecode.swift; path = AppDelegate.swift; sourceTree = "<group>"; };
		AD9E9B3A26CA99D500FCFC51 /* LaunchViewController.swift */ = {isa = PBXFileReference; lastKnownFileType = sourcecode.swift; path = LaunchViewController.swift; sourceTree = "<group>"; };
		AD9E9B3D26CA99D500FCFC51 /* Base */ = {isa = PBXFileReference; lastKnownFileType = file.storyboard; name = Base; path = Base.lproj/Main.storyboard; sourceTree = "<group>"; };
		AD9E9B3F26CA99D600FCFC51 /* Assets.xcassets */ = {isa = PBXFileReference; lastKnownFileType = folder.assetcatalog; path = Assets.xcassets; sourceTree = "<group>"; };
		AD9E9B4226CA99D600FCFC51 /* Base */ = {isa = PBXFileReference; lastKnownFileType = file.storyboard; name = Base; path = Base.lproj/LaunchScreen.storyboard; sourceTree = "<group>"; };
		AD9E9B4426CA99D600FCFC51 /* Info.plist */ = {isa = PBXFileReference; lastKnownFileType = text.plist.xml; path = Info.plist; sourceTree = "<group>"; };
		ADB9338226E007D20016BC7F /* JoinusAlertViewController.swift */ = {isa = PBXFileReference; lastKnownFileType = sourcecode.swift; path = JoinusAlertViewController.swift; sourceTree = "<group>"; };
		ADB9338826E009250016BC7F /* JoinusActionSheetView.swift */ = {isa = PBXFileReference; lastKnownFileType = sourcecode.swift; path = JoinusActionSheetView.swift; sourceTree = "<group>"; };
		ADB9338A26E117130016BC7F /* client_1012388240225-lmalqape8ejnija8rab1g5rde2f2g2p2.apps.googleusercontent.com.plist */ = {isa = PBXFileReference; fileEncoding = 4; lastKnownFileType = text.plist.xml; path = "client_1012388240225-lmalqape8ejnija8rab1g5rde2f2g2p2.apps.googleusercontent.com.plist"; sourceTree = "<group>"; };
		ADB9338D26E138C50016BC7F /* CircleCropScrollView.swift */ = {isa = PBXFileReference; fileEncoding = 4; lastKnownFileType = sourcecode.swift; path = CircleCropScrollView.swift; sourceTree = "<group>"; };
		ADB9338E26E138C60016BC7F /* CircleCropViewController.swift */ = {isa = PBXFileReference; fileEncoding = 4; lastKnownFileType = sourcecode.swift; path = CircleCropViewController.swift; sourceTree = "<group>"; };
		ADB9338F26E138C60016BC7F /* CircleCropCutterView.swift */ = {isa = PBXFileReference; fileEncoding = 4; lastKnownFileType = sourcecode.swift; path = CircleCropCutterView.swift; sourceTree = "<group>"; };
		ADB9339526E14BF40016BC7F /* MyInfoModel.swift */ = {isa = PBXFileReference; lastKnownFileType = sourcecode.swift; path = MyInfoModel.swift; sourceTree = "<group>"; };
		ADB9339726E1FC5D0016BC7F /* Service.swift */ = {isa = PBXFileReference; lastKnownFileType = sourcecode.swift; path = Service.swift; sourceTree = "<group>"; };
		ADCCCF5726DD4D2B002C5C8C /* OnboardingModel.swift */ = {isa = PBXFileReference; lastKnownFileType = sourcecode.swift; path = OnboardingModel.swift; sourceTree = "<group>"; };
		ADCCCF5A26DD638D002C5C8C /* OnboardingViewModel.swift */ = {isa = PBXFileReference; lastKnownFileType = sourcecode.swift; path = OnboardingViewModel.swift; sourceTree = "<group>"; };
		ADCCCF5C26DD6C8F002C5C8C /* OnboardingStep2ViewController.swift */ = {isa = PBXFileReference; lastKnownFileType = sourcecode.swift; path = OnboardingStep2ViewController.swift; sourceTree = "<group>"; };
		ADCCCF5E26DD70A3002C5C8C /* SelectGameButton.swift */ = {isa = PBXFileReference; lastKnownFileType = sourcecode.swift; path = SelectGameButton.swift; sourceTree = "<group>"; };
		ADCCCF6026DD7D40002C5C8C /* NextButtonStatus.swift */ = {isa = PBXFileReference; lastKnownFileType = sourcecode.swift; path = NextButtonStatus.swift; sourceTree = "<group>"; };
		ADCCCF6226DE6525002C5C8C /* OnboardingStep3ViewController.swift */ = {isa = PBXFileReference; lastKnownFileType = sourcecode.swift; path = OnboardingStep3ViewController.swift; sourceTree = "<group>"; };
		ADCCCF6426DE6CEA002C5C8C /* SelectTierButton.swift */ = {isa = PBXFileReference; lastKnownFileType = sourcecode.swift; path = SelectTierButton.swift; sourceTree = "<group>"; };
		ADCCCF6726DE9139002C5C8C /* LoginLogoView.swift */ = {isa = PBXFileReference; lastKnownFileType = sourcecode.swift; path = LoginLogoView.swift; sourceTree = "<group>"; };
		ADCCCF6926DE9484002C5C8C /* GoogleLoginButton.swift */ = {isa = PBXFileReference; lastKnownFileType = sourcecode.swift; path = GoogleLoginButton.swift; sourceTree = "<group>"; };
		ADCCCF6D26DFCFFF002C5C8C /* OnboardingStep4ViewController.swift */ = {isa = PBXFileReference; lastKnownFileType = sourcecode.swift; path = OnboardingStep4ViewController.swift; sourceTree = "<group>"; };
		ADCCCF6F26DFD74E002C5C8C /* ProfileViewControllerViewController.swift */ = {isa = PBXFileReference; lastKnownFileType = sourcecode.swift; path = ProfileViewControllerViewController.swift; sourceTree = "<group>"; };
		ADCF011C26CAAEBC00F1BCF8 /* Extension.swift */ = {isa = PBXFileReference; lastKnownFileType = sourcecode.swift; path = Extension.swift; sourceTree = "<group>"; };
		ADCF012126CAB01100F1BCF8 /* CommonLength.swift */ = {isa = PBXFileReference; lastKnownFileType = sourcecode.swift; path = CommonLength.swift; sourceTree = "<group>"; };
		ADCF012326CAB06600F1BCF8 /* CommonColor.swift */ = {isa = PBXFileReference; lastKnownFileType = sourcecode.swift; path = CommonColor.swift; sourceTree = "<group>"; };
		ADCF012526CAB11700F1BCF8 /* ChangeWindow.swift */ = {isa = PBXFileReference; lastKnownFileType = sourcecode.swift; path = ChangeWindow.swift; sourceTree = "<group>"; };
		ADCF012726CAB13D00F1BCF8 /* ChangeViewController.swift */ = {isa = PBXFileReference; lastKnownFileType = sourcecode.swift; path = ChangeViewController.swift; sourceTree = "<group>"; };
		ADCF012926CAB15900F1BCF8 /* InternetAvailable.swift */ = {isa = PBXFileReference; lastKnownFileType = sourcecode.swift; path = InternetAvailable.swift; sourceTree = "<group>"; };
		ADCF012B26CAB19F00F1BCF8 /* CommonFont.swift */ = {isa = PBXFileReference; lastKnownFileType = sourcecode.swift; path = CommonFont.swift; sourceTree = "<group>"; };
		ADDE2A7626E80E5C001A86EA /* HomeKit.framework */ = {isa = PBXFileReference; lastKnownFileType = wrapper.framework; name = HomeKit.framework; path = System/Library/Frameworks/HomeKit.framework; sourceTree = SDKROOT; };
		ADDE2A7826E80E6B001A86EA /* MapKit.framework */ = {isa = PBXFileReference; lastKnownFileType = wrapper.framework; name = MapKit.framework; path = System/Library/Frameworks/MapKit.framework; sourceTree = SDKROOT; };
		ADF93D2226E9113600B8A1E9 /* JoinGameView.swift */ = {isa = PBXFileReference; lastKnownFileType = sourcecode.swift; path = JoinGameView.swift; sourceTree = "<group>"; };
		ADF93D2426EA236A00B8A1E9 /* JoinGameListLabel.swift */ = {isa = PBXFileReference; lastKnownFileType = sourcecode.swift; path = JoinGameListLabel.swift; sourceTree = "<group>"; };
		ADF93D2626EA299000B8A1E9 /* JoinPeopleProfileCollectionView.swift */ = {isa = PBXFileReference; lastKnownFileType = sourcecode.swift; path = JoinPeopleProfileCollectionView.swift; sourceTree = "<group>"; };
		ADF93D2826EA2D7600B8A1E9 /* JoinProfileCell.swift */ = {isa = PBXFileReference; lastKnownFileType = sourcecode.swift; path = JoinProfileCell.swift; sourceTree = "<group>"; };
		ADF93D2A26EA30FC00B8A1E9 /* JoinGameViewController.swift */ = {isa = PBXFileReference; lastKnownFileType = sourcecode.swift; path = JoinGameViewController.swift; sourceTree = "<group>"; };
		ADF93D2E26EA34C900B8A1E9 /* JoinusButton.swift */ = {isa = PBXFileReference; fileEncoding = 4; lastKnownFileType = sourcecode.swift; path = JoinusButton.swift; sourceTree = "<group>"; };
		ADF93D3026EA370F00B8A1E9 /* JoinGameViewModel.swift */ = {isa = PBXFileReference; lastKnownFileType = sourcecode.swift; path = JoinGameViewModel.swift; sourceTree = "<group>"; };
		ADFDD09926E67C97007883BE /* HomeListViewController.swift */ = {isa = PBXFileReference; lastKnownFileType = sourcecode.swift; path = HomeListViewController.swift; sourceTree = "<group>"; };
		ADFDD09B26E67CA5007883BE /* HomeListViewModel.swift */ = {isa = PBXFileReference; lastKnownFileType = sourcecode.swift; path = HomeListViewModel.swift; sourceTree = "<group>"; };
		ADFDD09D26E67CAF007883BE /* HomeListModel.swift */ = {isa = PBXFileReference; lastKnownFileType = sourcecode.swift; path = HomeListModel.swift; sourceTree = "<group>"; };
		ADFDD0A126E67D0B007883BE /* MyInfoViewController.swift */ = {isa = PBXFileReference; lastKnownFileType = sourcecode.swift; path = MyInfoViewController.swift; sourceTree = "<group>"; };
		ADFDD0A626E67D4D007883BE /* MyMatchingViewController.swift */ = {isa = PBXFileReference; lastKnownFileType = sourcecode.swift; path = MyMatchingViewController.swift; sourceTree = "<group>"; };
		ADFDD0A926E6840A007883BE /* JoinusListCell.swift */ = {isa = PBXFileReference; lastKnownFileType = sourcecode.swift; path = JoinusListCell.swift; sourceTree = "<group>"; };
		ADFDD0AB26E7B7E3007883BE /* SetTabbarController.swift */ = {isa = PBXFileReference; lastKnownFileType = sourcecode.swift; path = SetTabbarController.swift; sourceTree = "<group>"; };
		ADFDD0AD26E7BD39007883BE /* Model.swift */ = {isa = PBXFileReference; lastKnownFileType = sourcecode.swift; path = Model.swift; sourceTree = "<group>"; };
		ADFDD0AF26E7E949007883BE /* CustomLeftBarButton.swift */ = {isa = PBXFileReference; lastKnownFileType = sourcecode.swift; path = CustomLeftBarButton.swift; sourceTree = "<group>"; };
		ADFDD0B126E7EAC2007883BE /* CustomRightBarButton.swift */ = {isa = PBXFileReference; lastKnownFileType = sourcecode.swift; path = CustomRightBarButton.swift; sourceTree = "<group>"; };
		ADFDD0B326E7EF10007883BE /* JoinusCustomCell.swift */ = {isa = PBXFileReference; lastKnownFileType = sourcecode.swift; path = JoinusCustomCell.swift; sourceTree = "<group>"; };
		ADFDD0B526E7F532007883BE /* JoinusListTableView.swift */ = {isa = PBXFileReference; lastKnownFileType = sourcecode.swift; path = JoinusListTableView.swift; sourceTree = "<group>"; };
		ADFDD0B726E7F8FE007883BE /* TimeUnits.swift */ = {isa = PBXFileReference; lastKnownFileType = sourcecode.swift; path = TimeUnits.swift; sourceTree = "<group>"; };
/* End PBXFileReference section */

/* Begin PBXFrameworksBuildPhase section */
		AD9E9B3026CA99D500FCFC51 /* Frameworks */ = {
			isa = PBXFrameworksBuildPhase;
			buildActionMask = 2147483647;
			files = (
				ADDE2A7726E80E5C001A86EA /* HomeKit.framework in Frameworks */,
				ADDE2A7926E80E6B001A86EA /* MapKit.framework in Frameworks */,
				E0B720128F4D38A1DEA38EB7 /* Pods_JOINUS.framework in Frameworks */,
			);
			runOnlyForDeploymentPostprocessing = 0;
		};
/* End PBXFrameworksBuildPhase section */

/* Begin PBXGroup section */
		59576853366E5FF6A359E324 /* Pods */ = {
			isa = PBXGroup;
			children = (
				5579130D27B6E0FF7BD3622B /* Pods-JOINUS.debug.xcconfig */,
				8BC6ECE2F9A8A8212F14BC17 /* Pods-JOINUS.release.xcconfig */,
			);
			path = Pods;
			sourceTree = "<group>";
		};
		61CBD4601A975980F37D575C /* Frameworks */ = {
			isa = PBXGroup;
			children = (
				ADDE2A7826E80E6B001A86EA /* MapKit.framework */,
				ADDE2A7626E80E5C001A86EA /* HomeKit.framework */,
				30BE6E46A8AFB1B50E834BF2 /* Pods_JOINUS.framework */,
			);
			name = Frameworks;
			sourceTree = "<group>";
		};
		AD4A6E8B26D7E4090083D9A6 /* Font */ = {
			isa = PBXGroup;
			children = (
				AD4A6E8F26D7E41E0083D9A6 /* NotoSansKR-Black.otf */,
				AD4A6E8C26D7E41E0083D9A6 /* NotoSansKR-Bold.otf */,
				AD4A6E9126D7E41E0083D9A6 /* NotoSansKR-Light.otf */,
				AD4A6E8D26D7E41E0083D9A6 /* NotoSansKR-Medium.otf */,
				AD4A6E9026D7E41E0083D9A6 /* NotoSansKR-Regular.otf */,
				AD4A6E8E26D7E41E0083D9A6 /* NotoSansKR-Thin.otf */,
			);
			path = Font;
			sourceTree = "<group>";
		};
		AD54C51126D7F36A0023FA99 /* OnboardingViewController */ = {
			isa = PBXGroup;
			children = (
				ADCCCF5926DD637A002C5C8C /* OnboardingViewModel */,
				ADCCCF5626DD4D18002C5C8C /* OnboardingModel */,
				AD54C51226D7F37B0023FA99 /* OnboardingView */,
				AD4A6E8926D526460083D9A6 /* OnboardingStep1ViewController.swift */,
				ADCCCF5C26DD6C8F002C5C8C /* OnboardingStep2ViewController.swift */,
				ADCCCF6226DE6525002C5C8C /* OnboardingStep3ViewController.swift */,
				ADCCCF6D26DFCFFF002C5C8C /* OnboardingStep4ViewController.swift */,
				ADCCCF6F26DFD74E002C5C8C /* ProfileViewControllerViewController.swift */,
			);
			path = OnboardingViewController;
			sourceTree = "<group>";
		};
		AD54C51226D7F37B0023FA99 /* OnboardingView */ = {
			isa = PBXGroup;
			children = (
				AD54C51326D7F3930023FA99 /* AgePickerView.swift */,
				ADCCCF5E26DD70A3002C5C8C /* SelectGameButton.swift */,
				ADCCCF6426DE6CEA002C5C8C /* SelectTierButton.swift */,
				AD02EFC926DFF20A000A7F6B /* ProfilePhotoView.swift */,
			);
			path = OnboardingView;
			sourceTree = "<group>";
		};
		AD74446326CAD2C500F90BF2 /* Service */ = {
			isa = PBXGroup;
			children = (
				ADB9339726E1FC5D0016BC7F /* Service.swift */,
				ADFDD0AD26E7BD39007883BE /* Model.swift */,
			);
			path = Service;
			sourceTree = "<group>";
		};
		AD982F8926CAB36F000AEAA2 /* ViewControllers */ = {
			isa = PBXGroup;
			children = (
				ADF93D1F26E9110600B8A1E9 /* JoinGameViewController */,
				ADB9339326E14BC60016BC7F /* MyInfoViewController */,
				ADFDD09F26E67CD8007883BE /* MyMatchingViewController */,
				ADFDD09626E67336007883BE /* HomeListViewController */,
				ADB9338C26E138A50016BC7F /* CropViewController */,
				ADB9338126E007AA0016BC7F /* JoinusAlertViewController */,
				AD54C51126D7F36A0023FA99 /* OnboardingViewController */,
				AD982F8A26CAB375000AEAA2 /* LaunchViewController */,
			);
			path = ViewControllers;
			sourceTree = "<group>";
		};
		AD982F8A26CAB375000AEAA2 /* LaunchViewController */ = {
			isa = PBXGroup;
			children = (
				ADCCCF6626DE9125002C5C8C /* LaunchView */,
				AD9E9B3A26CA99D500FCFC51 /* LaunchViewController.swift */,
				AD982F8B26CAB5ED000AEAA2 /* LoginViewController.swift */,
			);
			path = LaunchViewController;
			sourceTree = "<group>";
		};
		AD9E9B2A26CA99D500FCFC51 = {
			isa = PBXGroup;
			children = (
				AD9E9B3526CA99D500FCFC51 /* JOINUS */,
				AD9E9B3426CA99D500FCFC51 /* Products */,
				59576853366E5FF6A359E324 /* Pods */,
				61CBD4601A975980F37D575C /* Frameworks */,
			);
			sourceTree = "<group>";
		};
		AD9E9B3426CA99D500FCFC51 /* Products */ = {
			isa = PBXGroup;
			children = (
				AD9E9B3326CA99D500FCFC51 /* JOINUS.app */,
			);
			name = Products;
			sourceTree = "<group>";
		};
		AD9E9B3526CA99D500FCFC51 /* JOINUS */ = {
			isa = PBXGroup;
			children = (
				AD2BDA7C26E8136B0055F027 /* JOINUS.entitlements */,
				AD4A6E8B26D7E4090083D9A6 /* Font */,
				AD74446326CAD2C500F90BF2 /* Service */,
				AD982F8926CAB36F000AEAA2 /* ViewControllers */,
				ADCF012026CAAF5600F1BCF8 /* Extension */,
				ADCF011E26CAAEF800F1BCF8 /* CommonAttribute */,
				ADF93D2C26EA349400B8A1E9 /* CommonView */,
				AD9E9B3626CA99D500FCFC51 /* AppDelegate.swift */,
				AD9E9B3C26CA99D500FCFC51 /* Main.storyboard */,
				AD9E9B3F26CA99D600FCFC51 /* Assets.xcassets */,
				AD9E9B4126CA99D600FCFC51 /* LaunchScreen.storyboard */,
				AD67E7BD26CABACE006B1FD4 /* credentials.plist */,
				ADB9338A26E117130016BC7F /* client_1012388240225-lmalqape8ejnija8rab1g5rde2f2g2p2.apps.googleusercontent.com.plist */,
				AD02EFC726DFDF67000A7F6B /* GoogleService-Info.plist */,
				AD9E9B4426CA99D600FCFC51 /* Info.plist */,
			);
			path = JOINUS;
			sourceTree = "<group>";
		};
		ADB9338126E007AA0016BC7F /* JoinusAlertViewController */ = {
			isa = PBXGroup;
			children = (
				ADB9338726E009070016BC7F /* JoinusAlertView */,
				ADB9338226E007D20016BC7F /* JoinusAlertViewController.swift */,
			);
			path = JoinusAlertViewController;
			sourceTree = "<group>";
		};
		ADB9338726E009070016BC7F /* JoinusAlertView */ = {
			isa = PBXGroup;
			children = (
				ADB9338826E009250016BC7F /* JoinusActionSheetView.swift */,
			);
			path = JoinusAlertView;
			sourceTree = "<group>";
		};
		ADB9338C26E138A50016BC7F /* CropViewController */ = {
			isa = PBXGroup;
			children = (
				ADB9338F26E138C60016BC7F /* CircleCropCutterView.swift */,
				ADB9338D26E138C50016BC7F /* CircleCropScrollView.swift */,
				ADB9338E26E138C60016BC7F /* CircleCropViewController.swift */,
			);
			path = CropViewController;
			sourceTree = "<group>";
		};
		ADB9339326E14BC60016BC7F /* MyInfoViewController */ = {
			isa = PBXGroup;
			children = (
				ADFDD0A326E67D0F007883BE /* MyInfoViewModel */,
				ADB9339426E14BDC0016BC7F /* MyInfoModel */,
				ADFDD0A126E67D0B007883BE /* MyInfoViewController.swift */,
			);
			path = MyInfoViewController;
			sourceTree = "<group>";
		};
		ADB9339426E14BDC0016BC7F /* MyInfoModel */ = {
			isa = PBXGroup;
			children = (
				ADB9339526E14BF40016BC7F /* MyInfoModel.swift */,
			);
			path = MyInfoModel;
			sourceTree = "<group>";
		};
		ADCCCF5626DD4D18002C5C8C /* OnboardingModel */ = {
			isa = PBXGroup;
			children = (
				ADCCCF5726DD4D2B002C5C8C /* OnboardingModel.swift */,
			);
			path = OnboardingModel;
			sourceTree = "<group>";
		};
		ADCCCF5926DD637A002C5C8C /* OnboardingViewModel */ = {
			isa = PBXGroup;
			children = (
				ADCCCF5A26DD638D002C5C8C /* OnboardingViewModel.swift */,
				ADCCCF6026DD7D40002C5C8C /* NextButtonStatus.swift */,
			);
			path = OnboardingViewModel;
			sourceTree = "<group>";
		};
		ADCCCF6626DE9125002C5C8C /* LaunchView */ = {
			isa = PBXGroup;
			children = (
				ADCCCF6726DE9139002C5C8C /* LoginLogoView.swift */,
				ADCCCF6926DE9484002C5C8C /* GoogleLoginButton.swift */,
			);
			path = LaunchView;
			sourceTree = "<group>";
		};
		ADCF011E26CAAEF800F1BCF8 /* CommonAttribute */ = {
			isa = PBXGroup;
			children = (
				ADCF012126CAB01100F1BCF8 /* CommonLength.swift */,
				ADCF012B26CAB19F00F1BCF8 /* CommonFont.swift */,
				ADCF012326CAB06600F1BCF8 /* CommonColor.swift */,
				ADCF012526CAB11700F1BCF8 /* ChangeWindow.swift */,
				ADCF012726CAB13D00F1BCF8 /* ChangeViewController.swift */,
				ADCF012926CAB15900F1BCF8 /* InternetAvailable.swift */,
				AD54C50F26D7E8A20023FA99 /* CommonAction.swift */,
				ADFDD0AB26E7B7E3007883BE /* SetTabbarController.swift */,
				ADFDD0B726E7F8FE007883BE /* TimeUnits.swift */,
			);
			path = CommonAttribute;
			sourceTree = "<group>";
		};
		ADCF012026CAAF5600F1BCF8 /* Extension */ = {
			isa = PBXGroup;
			children = (
				ADCF011C26CAAEBC00F1BCF8 /* Extension.swift */,
			);
			path = Extension;
			sourceTree = "<group>";
		};
		ADF93D1F26E9110600B8A1E9 /* JoinGameViewController */ = {
			isa = PBXGroup;
			children = (
				ADF93D2A26EA30FC00B8A1E9 /* JoinGameViewController.swift */,
				ADF93D2126E9112100B8A1E9 /* JoinGameView */,
				ADF93D2026E9111700B8A1E9 /* JoinGameViewModel */,
			);
			path = JoinGameViewController;
			sourceTree = "<group>";
		};
		ADF93D2026E9111700B8A1E9 /* JoinGameViewModel */ = {
			isa = PBXGroup;
			children = (
				ADF93D3026EA370F00B8A1E9 /* JoinGameViewModel.swift */,
			);
			path = JoinGameViewModel;
			sourceTree = "<group>";
		};
		ADF93D2126E9112100B8A1E9 /* JoinGameView */ = {
			isa = PBXGroup;
			children = (
				ADF93D2226E9113600B8A1E9 /* JoinGameView.swift */,
				ADF93D2426EA236A00B8A1E9 /* JoinGameListLabel.swift */,
				ADF93D2626EA299000B8A1E9 /* JoinPeopleProfileCollectionView.swift */,
				ADF93D2826EA2D7600B8A1E9 /* JoinProfileCell.swift */,
			);
			path = JoinGameView;
			sourceTree = "<group>";
		};
		ADF93D2C26EA349400B8A1E9 /* CommonView */ = {
			isa = PBXGroup;
			children = (
				ADF93D2E26EA34C900B8A1E9 /* JoinusButton.swift */,
			);
			path = CommonView;
			sourceTree = "<group>";
		};
		ADFDD09626E67336007883BE /* HomeListViewController */ = {
			isa = PBXGroup;
			children = (
				ADFDD0A826E683F4007883BE /* HomeListView */,
				ADFDD09826E67C83007883BE /* HomeListModel */,
				ADFDD09726E67C7B007883BE /* HomeListViewModel */,
				ADFDD09926E67C97007883BE /* HomeListViewController.swift */,
			);
			path = HomeListViewController;
			sourceTree = "<group>";
		};
		ADFDD09726E67C7B007883BE /* HomeListViewModel */ = {
			isa = PBXGroup;
			children = (
				ADFDD09B26E67CA5007883BE /* HomeListViewModel.swift */,
			);
			path = HomeListViewModel;
			sourceTree = "<group>";
		};
		ADFDD09826E67C83007883BE /* HomeListModel */ = {
			isa = PBXGroup;
			children = (
				ADFDD09D26E67CAF007883BE /* HomeListModel.swift */,
			);
			path = HomeListModel;
			sourceTree = "<group>";
		};
		ADFDD09F26E67CD8007883BE /* MyMatchingViewController */ = {
			isa = PBXGroup;
			children = (
				ADFDD0A526E67D3B007883BE /* MyMatchingModel */,
				ADFDD0A426E67D18007883BE /* MyMatchingViewModel */,
				ADFDD0A626E67D4D007883BE /* MyMatchingViewController.swift */,
			);
			path = MyMatchingViewController;
			sourceTree = "<group>";
		};
		ADFDD0A326E67D0F007883BE /* MyInfoViewModel */ = {
			isa = PBXGroup;
			children = (
			);
			path = MyInfoViewModel;
			sourceTree = "<group>";
		};
		ADFDD0A426E67D18007883BE /* MyMatchingViewModel */ = {
			isa = PBXGroup;
			children = (
			);
			path = MyMatchingViewModel;
			sourceTree = "<group>";
		};
		ADFDD0A526E67D3B007883BE /* MyMatchingModel */ = {
			isa = PBXGroup;
			children = (
			);
			path = MyMatchingModel;
			sourceTree = "<group>";
		};
		ADFDD0A826E683F4007883BE /* HomeListView */ = {
			isa = PBXGroup;
			children = (
				ADFDD0A926E6840A007883BE /* JoinusListCell.swift */,
				ADFDD0AF26E7E949007883BE /* CustomLeftBarButton.swift */,
				ADFDD0B126E7EAC2007883BE /* CustomRightBarButton.swift */,
				ADFDD0B326E7EF10007883BE /* JoinusCustomCell.swift */,
				ADFDD0B526E7F532007883BE /* JoinusListTableView.swift */,
			);
			path = HomeListView;
			sourceTree = "<group>";
		};
/* End PBXGroup section */

/* Begin PBXNativeTarget section */
		AD9E9B3226CA99D500FCFC51 /* JOINUS */ = {
			isa = PBXNativeTarget;
			buildConfigurationList = AD9E9B4726CA99D600FCFC51 /* Build configuration list for PBXNativeTarget "JOINUS" */;
			buildPhases = (
				D5BD922B32B1740BD5E68DDA /* [CP] Check Pods Manifest.lock */,
				AD9E9B2F26CA99D500FCFC51 /* Sources */,
				AD9E9B3026CA99D500FCFC51 /* Frameworks */,
				AD9E9B3126CA99D500FCFC51 /* Resources */,
				AB6986F4C949E10438807AA0 /* [CP] Embed Pods Frameworks */,
			);
			buildRules = (
			);
			dependencies = (
			);
			name = JOINUS;
			productName = JOINUS;
			productReference = AD9E9B3326CA99D500FCFC51 /* JOINUS.app */;
			productType = "com.apple.product-type.application";
		};
/* End PBXNativeTarget section */

/* Begin PBXProject section */
		AD9E9B2B26CA99D500FCFC51 /* Project object */ = {
			isa = PBXProject;
			attributes = {
				LastSwiftUpdateCheck = 1250;
				LastUpgradeCheck = 1250;
				TargetAttributes = {
					AD9E9B3226CA99D500FCFC51 = {
						CreatedOnToolsVersion = 12.5.1;
					};
				};
			};
			buildConfigurationList = AD9E9B2E26CA99D500FCFC51 /* Build configuration list for PBXProject "JOINUS" */;
			compatibilityVersion = "Xcode 9.3";
			developmentRegion = en;
			hasScannedForEncodings = 0;
			knownRegions = (
				en,
				Base,
			);
			mainGroup = AD9E9B2A26CA99D500FCFC51;
			productRefGroup = AD9E9B3426CA99D500FCFC51 /* Products */;
			projectDirPath = "";
			projectRoot = "";
			targets = (
				AD9E9B3226CA99D500FCFC51 /* JOINUS */,
			);
		};
/* End PBXProject section */

/* Begin PBXResourcesBuildPhase section */
		AD9E9B3126CA99D500FCFC51 /* Resources */ = {
			isa = PBXResourcesBuildPhase;
			buildActionMask = 2147483647;
			files = (
				AD4A6E9326D7E41E0083D9A6 /* NotoSansKR-Medium.otf in Resources */,
				AD4A6E9626D7E41E0083D9A6 /* NotoSansKR-Regular.otf in Resources */,
				AD4A6E9426D7E41E0083D9A6 /* NotoSansKR-Thin.otf in Resources */,
				AD9E9B4326CA99D600FCFC51 /* LaunchScreen.storyboard in Resources */,
				AD67E7BE26CABACE006B1FD4 /* credentials.plist in Resources */,
				AD9E9B4026CA99D600FCFC51 /* Assets.xcassets in Resources */,
				AD4A6E9726D7E41E0083D9A6 /* NotoSansKR-Light.otf in Resources */,
				AD9E9B3E26CA99D500FCFC51 /* Main.storyboard in Resources */,
				AD02EFC826DFDF67000A7F6B /* GoogleService-Info.plist in Resources */,
				ADB9338B26E117130016BC7F /* client_1012388240225-lmalqape8ejnija8rab1g5rde2f2g2p2.apps.googleusercontent.com.plist in Resources */,
				AD4A6E9226D7E41E0083D9A6 /* NotoSansKR-Bold.otf in Resources */,
				AD4A6E9526D7E41E0083D9A6 /* NotoSansKR-Black.otf in Resources */,
			);
			runOnlyForDeploymentPostprocessing = 0;
		};
/* End PBXResourcesBuildPhase section */

/* Begin PBXShellScriptBuildPhase section */
		AB6986F4C949E10438807AA0 /* [CP] Embed Pods Frameworks */ = {
			isa = PBXShellScriptBuildPhase;
			buildActionMask = 2147483647;
			files = (
			);
			inputFileListPaths = (
				"${PODS_ROOT}/Target Support Files/Pods-JOINUS/Pods-JOINUS-frameworks-${CONFIGURATION}-input-files.xcfilelist",
			);
			name = "[CP] Embed Pods Frameworks";
			outputFileListPaths = (
				"${PODS_ROOT}/Target Support Files/Pods-JOINUS/Pods-JOINUS-frameworks-${CONFIGURATION}-output-files.xcfilelist",
			);
			runOnlyForDeploymentPostprocessing = 0;
			shellPath = /bin/sh;
			shellScript = "\"${PODS_ROOT}/Target Support Files/Pods-JOINUS/Pods-JOINUS-frameworks.sh\"\n";
			showEnvVarsInLog = 0;
		};
		D5BD922B32B1740BD5E68DDA /* [CP] Check Pods Manifest.lock */ = {
			isa = PBXShellScriptBuildPhase;
			buildActionMask = 2147483647;
			files = (
			);
			inputFileListPaths = (
			);
			inputPaths = (
				"${PODS_PODFILE_DIR_PATH}/Podfile.lock",
				"${PODS_ROOT}/Manifest.lock",
			);
			name = "[CP] Check Pods Manifest.lock";
			outputFileListPaths = (
			);
			outputPaths = (
				"$(DERIVED_FILE_DIR)/Pods-JOINUS-checkManifestLockResult.txt",
			);
			runOnlyForDeploymentPostprocessing = 0;
			shellPath = /bin/sh;
			shellScript = "diff \"${PODS_PODFILE_DIR_PATH}/Podfile.lock\" \"${PODS_ROOT}/Manifest.lock\" > /dev/null\nif [ $? != 0 ] ; then\n    # print error to STDERR\n    echo \"error: The sandbox is not in sync with the Podfile.lock. Run 'pod install' or update your CocoaPods installation.\" >&2\n    exit 1\nfi\n# This output is used by Xcode 'outputs' to avoid re-running this script phase.\necho \"SUCCESS\" > \"${SCRIPT_OUTPUT_FILE_0}\"\n";
			showEnvVarsInLog = 0;
		};
/* End PBXShellScriptBuildPhase section */

/* Begin PBXSourcesBuildPhase section */
		AD9E9B2F26CA99D500FCFC51 /* Sources */ = {
			isa = PBXSourcesBuildPhase;
			buildActionMask = 2147483647;
			files = (
				ADF93D3126EA370F00B8A1E9 /* JoinGameViewModel.swift in Sources */,
				ADF93D2526EA236A00B8A1E9 /* JoinGameListLabel.swift in Sources */,
				ADCCCF6326DE6525002C5C8C /* OnboardingStep3ViewController.swift in Sources */,
				ADFDD09E26E67CAF007883BE /* HomeListModel.swift in Sources */,
				ADFDD0B026E7E949007883BE /* CustomLeftBarButton.swift in Sources */,
				ADCF012826CAB13D00F1BCF8 /* ChangeViewController.swift in Sources */,
				ADCCCF6A26DE9484002C5C8C /* GoogleLoginButton.swift in Sources */,
				ADCF012226CAB01100F1BCF8 /* CommonLength.swift in Sources */,
				ADFDD09A26E67C97007883BE /* HomeListViewController.swift in Sources */,
				ADCF011D26CAAEBC00F1BCF8 /* Extension.swift in Sources */,
				ADCCCF6826DE9139002C5C8C /* LoginLogoView.swift in Sources */,
				AD9E9B3B26CA99D500FCFC51 /* LaunchViewController.swift in Sources */,
				ADF93D2326E9113600B8A1E9 /* JoinGameView.swift in Sources */,
				ADCCCF5826DD4D2B002C5C8C /* OnboardingModel.swift in Sources */,
				AD54C51026D7E8A20023FA99 /* CommonAction.swift in Sources */,
				ADF93D2926EA2D7600B8A1E9 /* JoinProfileCell.swift in Sources */,
				ADFDD0B426E7EF10007883BE /* JoinusCustomCell.swift in Sources */,
				ADCF012A26CAB15900F1BCF8 /* InternetAvailable.swift in Sources */,
				ADCF012426CAB06600F1BCF8 /* CommonColor.swift in Sources */,
				ADCCCF6526DE6CEA002C5C8C /* SelectTierButton.swift in Sources */,
				ADFDD0A726E67D4D007883BE /* MyMatchingViewController.swift in Sources */,
				ADF93D2B26EA30FC00B8A1E9 /* JoinGameViewController.swift in Sources */,
				ADFDD0AE26E7BD39007883BE /* Model.swift in Sources */,
				ADFDD0B226E7EAC2007883BE /* CustomRightBarButton.swift in Sources */,
				ADB9339626E14BF40016BC7F /* MyInfoModel.swift in Sources */,
				ADCCCF6126DD7D40002C5C8C /* NextButtonStatus.swift in Sources */,
				AD02EFCA26DFF20A000A7F6B /* ProfilePhotoView.swift in Sources */,
				ADF93D2F26EA34C900B8A1E9 /* JoinusButton.swift in Sources */,
				AD9E9B3726CA99D500FCFC51 /* AppDelegate.swift in Sources */,
				ADB9338926E009250016BC7F /* JoinusActionSheetView.swift in Sources */,
				ADCF012C26CAB19F00F1BCF8 /* CommonFont.swift in Sources */,
				ADCCCF5B26DD638D002C5C8C /* OnboardingViewModel.swift in Sources */,
				AD982F8C26CAB5ED000AEAA2 /* LoginViewController.swift in Sources */,
				ADFDD0AC26E7B7E3007883BE /* SetTabbarController.swift in Sources */,
				ADB9339126E138C60016BC7F /* CircleCropViewController.swift in Sources */,
				ADB9339026E138C60016BC7F /* CircleCropScrollView.swift in Sources */,
				ADCCCF5F26DD70A3002C5C8C /* SelectGameButton.swift in Sources */,
				AD54C51426D7F3930023FA99 /* AgePickerView.swift in Sources */,
				ADFDD0AA26E6840A007883BE /* JoinusListCell.swift in Sources */,
				ADCCCF7026DFD74E002C5C8C /* ProfileViewControllerViewController.swift in Sources */,
				ADB9339826E1FC5D0016BC7F /* Service.swift in Sources */,
				AD4A6E8A26D526460083D9A6 /* OnboardingStep1ViewController.swift in Sources */,
				ADCCCF5D26DD6C8F002C5C8C /* OnboardingStep2ViewController.swift in Sources */,
				ADF93D2726EA299000B8A1E9 /* JoinPeopleProfileCollectionView.swift in Sources */,
				ADB9338326E007D20016BC7F /* JoinusAlertViewController.swift in Sources */,
				ADFDD09C26E67CA5007883BE /* HomeListViewModel.swift in Sources */,
				ADFDD0B626E7F532007883BE /* JoinusListTableView.swift in Sources */,
				ADCF012626CAB11700F1BCF8 /* ChangeWindow.swift in Sources */,
				ADCCCF6E26DFCFFF002C5C8C /* OnboardingStep4ViewController.swift in Sources */,
				ADFDD0A226E67D0B007883BE /* MyInfoViewController.swift in Sources */,
				ADFDD0B826E7F8FE007883BE /* TimeUnits.swift in Sources */,
				ADB9339226E138C60016BC7F /* CircleCropCutterView.swift in Sources */,
			);
			runOnlyForDeploymentPostprocessing = 0;
		};
/* End PBXSourcesBuildPhase section */

/* Begin PBXVariantGroup section */
		AD9E9B3C26CA99D500FCFC51 /* Main.storyboard */ = {
			isa = PBXVariantGroup;
			children = (
				AD9E9B3D26CA99D500FCFC51 /* Base */,
			);
			name = Main.storyboard;
			sourceTree = "<group>";
		};
		AD9E9B4126CA99D600FCFC51 /* LaunchScreen.storyboard */ = {
			isa = PBXVariantGroup;
			children = (
				AD9E9B4226CA99D600FCFC51 /* Base */,
			);
			name = LaunchScreen.storyboard;
			sourceTree = "<group>";
		};
/* End PBXVariantGroup section */

/* Begin XCBuildConfiguration section */
		AD9E9B4526CA99D600FCFC51 /* Debug */ = {
			isa = XCBuildConfiguration;
			buildSettings = {
				ALWAYS_SEARCH_USER_PATHS = NO;
				CLANG_ANALYZER_NONNULL = YES;
				CLANG_ANALYZER_NUMBER_OBJECT_CONVERSION = YES_AGGRESSIVE;
				CLANG_CXX_LANGUAGE_STANDARD = "gnu++14";
				CLANG_CXX_LIBRARY = "libc++";
				CLANG_ENABLE_MODULES = YES;
				CLANG_ENABLE_OBJC_ARC = YES;
				CLANG_ENABLE_OBJC_WEAK = YES;
				CLANG_WARN_BLOCK_CAPTURE_AUTORELEASING = YES;
				CLANG_WARN_BOOL_CONVERSION = YES;
				CLANG_WARN_COMMA = YES;
				CLANG_WARN_CONSTANT_CONVERSION = YES;
				CLANG_WARN_DEPRECATED_OBJC_IMPLEMENTATIONS = YES;
				CLANG_WARN_DIRECT_OBJC_ISA_USAGE = YES_ERROR;
				CLANG_WARN_DOCUMENTATION_COMMENTS = YES;
				CLANG_WARN_EMPTY_BODY = YES;
				CLANG_WARN_ENUM_CONVERSION = YES;
				CLANG_WARN_INFINITE_RECURSION = YES;
				CLANG_WARN_INT_CONVERSION = YES;
				CLANG_WARN_NON_LITERAL_NULL_CONVERSION = YES;
				CLANG_WARN_OBJC_IMPLICIT_RETAIN_SELF = YES;
				CLANG_WARN_OBJC_LITERAL_CONVERSION = YES;
				CLANG_WARN_OBJC_ROOT_CLASS = YES_ERROR;
				CLANG_WARN_QUOTED_INCLUDE_IN_FRAMEWORK_HEADER = YES;
				CLANG_WARN_RANGE_LOOP_ANALYSIS = YES;
				CLANG_WARN_STRICT_PROTOTYPES = YES;
				CLANG_WARN_SUSPICIOUS_MOVE = YES;
				CLANG_WARN_UNGUARDED_AVAILABILITY = YES_AGGRESSIVE;
				CLANG_WARN_UNREACHABLE_CODE = YES;
				CLANG_WARN__DUPLICATE_METHOD_MATCH = YES;
				COPY_PHASE_STRIP = NO;
				DEBUG_INFORMATION_FORMAT = dwarf;
				ENABLE_STRICT_OBJC_MSGSEND = YES;
				ENABLE_TESTABILITY = YES;
				GCC_C_LANGUAGE_STANDARD = gnu11;
				GCC_DYNAMIC_NO_PIC = NO;
				GCC_NO_COMMON_BLOCKS = YES;
				GCC_OPTIMIZATION_LEVEL = 0;
				GCC_PREPROCESSOR_DEFINITIONS = (
					"DEBUG=1",
					"$(inherited)",
				);
				GCC_WARN_64_TO_32_BIT_CONVERSION = YES;
				GCC_WARN_ABOUT_RETURN_TYPE = YES_ERROR;
				GCC_WARN_UNDECLARED_SELECTOR = YES;
				GCC_WARN_UNINITIALIZED_AUTOS = YES_AGGRESSIVE;
				GCC_WARN_UNUSED_FUNCTION = YES;
				GCC_WARN_UNUSED_VARIABLE = YES;
				IPHONEOS_DEPLOYMENT_TARGET = 13.0;
				MTL_ENABLE_DEBUG_INFO = INCLUDE_SOURCE;
				MTL_FAST_MATH = YES;
				ONLY_ACTIVE_ARCH = YES;
				SDKROOT = iphoneos;
				SWIFT_ACTIVE_COMPILATION_CONDITIONS = DEBUG;
				SWIFT_OPTIMIZATION_LEVEL = "-Onone";
			};
			name = Debug;
		};
		AD9E9B4626CA99D600FCFC51 /* Release */ = {
			isa = XCBuildConfiguration;
			buildSettings = {
				ALWAYS_SEARCH_USER_PATHS = NO;
				CLANG_ANALYZER_NONNULL = YES;
				CLANG_ANALYZER_NUMBER_OBJECT_CONVERSION = YES_AGGRESSIVE;
				CLANG_CXX_LANGUAGE_STANDARD = "gnu++14";
				CLANG_CXX_LIBRARY = "libc++";
				CLANG_ENABLE_MODULES = YES;
				CLANG_ENABLE_OBJC_ARC = YES;
				CLANG_ENABLE_OBJC_WEAK = YES;
				CLANG_WARN_BLOCK_CAPTURE_AUTORELEASING = YES;
				CLANG_WARN_BOOL_CONVERSION = YES;
				CLANG_WARN_COMMA = YES;
				CLANG_WARN_CONSTANT_CONVERSION = YES;
				CLANG_WARN_DEPRECATED_OBJC_IMPLEMENTATIONS = YES;
				CLANG_WARN_DIRECT_OBJC_ISA_USAGE = YES_ERROR;
				CLANG_WARN_DOCUMENTATION_COMMENTS = YES;
				CLANG_WARN_EMPTY_BODY = YES;
				CLANG_WARN_ENUM_CONVERSION = YES;
				CLANG_WARN_INFINITE_RECURSION = YES;
				CLANG_WARN_INT_CONVERSION = YES;
				CLANG_WARN_NON_LITERAL_NULL_CONVERSION = YES;
				CLANG_WARN_OBJC_IMPLICIT_RETAIN_SELF = YES;
				CLANG_WARN_OBJC_LITERAL_CONVERSION = YES;
				CLANG_WARN_OBJC_ROOT_CLASS = YES_ERROR;
				CLANG_WARN_QUOTED_INCLUDE_IN_FRAMEWORK_HEADER = YES;
				CLANG_WARN_RANGE_LOOP_ANALYSIS = YES;
				CLANG_WARN_STRICT_PROTOTYPES = YES;
				CLANG_WARN_SUSPICIOUS_MOVE = YES;
				CLANG_WARN_UNGUARDED_AVAILABILITY = YES_AGGRESSIVE;
				CLANG_WARN_UNREACHABLE_CODE = YES;
				CLANG_WARN__DUPLICATE_METHOD_MATCH = YES;
				COPY_PHASE_STRIP = NO;
				DEBUG_INFORMATION_FORMAT = "dwarf-with-dsym";
				ENABLE_NS_ASSERTIONS = NO;
				ENABLE_STRICT_OBJC_MSGSEND = YES;
				GCC_C_LANGUAGE_STANDARD = gnu11;
				GCC_NO_COMMON_BLOCKS = YES;
				GCC_WARN_64_TO_32_BIT_CONVERSION = YES;
				GCC_WARN_ABOUT_RETURN_TYPE = YES_ERROR;
				GCC_WARN_UNDECLARED_SELECTOR = YES;
				GCC_WARN_UNINITIALIZED_AUTOS = YES_AGGRESSIVE;
				GCC_WARN_UNUSED_FUNCTION = YES;
				GCC_WARN_UNUSED_VARIABLE = YES;
				IPHONEOS_DEPLOYMENT_TARGET = 13.0;
				MTL_ENABLE_DEBUG_INFO = NO;
				MTL_FAST_MATH = YES;
				SDKROOT = iphoneos;
				SWIFT_COMPILATION_MODE = wholemodule;
				SWIFT_OPTIMIZATION_LEVEL = "-O";
				VALIDATE_PRODUCT = YES;
			};
			name = Release;
		};
		AD9E9B4826CA99D600FCFC51 /* Debug */ = {
			isa = XCBuildConfiguration;
			baseConfigurationReference = 5579130D27B6E0FF7BD3622B /* Pods-JOINUS.debug.xcconfig */;
			buildSettings = {
				ASSETCATALOG_COMPILER_APPICON_NAME = AppIcon;
				ASSETCATALOG_COMPILER_GLOBAL_ACCENT_COLOR_NAME = AccentColor;
				CODE_SIGN_ENTITLEMENTS = JOINUS/JOINUS.entitlements;
				CODE_SIGN_STYLE = Automatic;
				DEVELOPMENT_TEAM = 2SAR4Q5FCM;
				INFOPLIST_FILE = JOINUS/Info.plist;
				LD_RUNPATH_SEARCH_PATHS = (
					"$(inherited)",
					"@executable_path/Frameworks",
				);
				PRODUCT_BUNDLE_IDENTIFIER = "opgg.d-JOINUS";
				PRODUCT_NAME = "$(TARGET_NAME)";
				SWIFT_VERSION = 5.0;
				TARGETED_DEVICE_FAMILY = 1;
			};
			name = Debug;
		};
		AD9E9B4926CA99D600FCFC51 /* Release */ = {
			isa = XCBuildConfiguration;
			baseConfigurationReference = 8BC6ECE2F9A8A8212F14BC17 /* Pods-JOINUS.release.xcconfig */;
			buildSettings = {
				ASSETCATALOG_COMPILER_APPICON_NAME = AppIcon;
				ASSETCATALOG_COMPILER_GLOBAL_ACCENT_COLOR_NAME = AccentColor;
				CODE_SIGN_ENTITLEMENTS = JOINUS/JOINUS.entitlements;
				CODE_SIGN_STYLE = Automatic;
				DEVELOPMENT_TEAM = 2SAR4Q5FCM;
				INFOPLIST_FILE = JOINUS/Info.plist;
				LD_RUNPATH_SEARCH_PATHS = (
					"$(inherited)",
					"@executable_path/Frameworks",
				);
				PRODUCT_BUNDLE_IDENTIFIER = "opgg.d-JOINUS";
				PRODUCT_NAME = "$(TARGET_NAME)";
				SWIFT_VERSION = 5.0;
				TARGETED_DEVICE_FAMILY = 1;
			};
			name = Release;
		};
/* End XCBuildConfiguration section */

/* Begin XCConfigurationList section */
		AD9E9B2E26CA99D500FCFC51 /* Build configuration list for PBXProject "JOINUS" */ = {
			isa = XCConfigurationList;
			buildConfigurations = (
				AD9E9B4526CA99D600FCFC51 /* Debug */,
				AD9E9B4626CA99D600FCFC51 /* Release */,
			);
			defaultConfigurationIsVisible = 0;
			defaultConfigurationName = Release;
		};
		AD9E9B4726CA99D600FCFC51 /* Build configuration list for PBXNativeTarget "JOINUS" */ = {
			isa = XCConfigurationList;
			buildConfigurations = (
				AD9E9B4826CA99D600FCFC51 /* Debug */,
				AD9E9B4926CA99D600FCFC51 /* Release */,
			);
			defaultConfigurationIsVisible = 0;
			defaultConfigurationName = Release;
		};
/* End XCConfigurationList section */
	};
	rootObject = AD9E9B2B26CA99D500FCFC51 /* Project object */;
}
